
Microsoft Visual Studio Solution File, Format Version 12.00
# Visual Studio Version 16
VisualStudioVersion = 16.0.29326.143
MinimumVisualStudioVersion = 10.0.40219.1
Project("{FAE04EC0-301F-11D3-BF4B-00C04F79EFBC}") = "PhantomLauncherGUI", "PhantomLauncherGUI\PhantomLauncherGUI.csproj", "{EEF37BAA-B1FD-4406-BDA5-632EBFE0817B}"
EndProject
Project("{2150E333-8FDC-42A3-9474-1A3956D46DE8}") = "Solution Items", "Solution Items", "{0BE62291-F743-4B4E-84B5-F34AD0F7232C}"
	ProjectSection(SolutionItems) = preProject
		README.md = README.md
	EndProjectSection
EndProject
Global
	GlobalSection(SolutionConfigurationPlatforms) = preSolution
		Debug|Any CPU = Debug|Any CPU
		Release|Any CPU = Release|Any CPU
	EndGlobalSection
	GlobalSection(ProjectConfigurationPlatforms) = postSolution
		{EEF37BAA-B1FD-4406-BDA5-632EBFE0817B}.Debug|Any CPU.ActiveCfg = Debug|Any CPU
		{EEF37BAA-B1FD-4406-BDA5-632EBFE0817B}.Debug|Any CPU.Build.0 = Debug|Any CPU
		{EEF37BAA-B1FD-4406-BDA5-632EBFE0817B}.Release|Any CPU.ActiveCfg = Release|Any CPU
		{EEF37BAA-B1FD-4406-BDA5-632EBFE0817B}.Release|Any CPU.Build.0 = Release|Any CPU
	EndGlobalSection
	GlobalSection(SolutionProperties) = preSolution
		HideSolutionNode = FALSE
	EndGlobalSection
	GlobalSection(ExtensibilityGlobals) = postSolution
		SolutionGuid = {A92FED36-507D-49B5-AE85-1515833859B4}
	EndGlobalSection
EndGlobal
